
Microsoft Visual Studio Solution File, Format Version 12.00
# Visual Studio Version 16
VisualStudioVersion = 16.0.31205.134
MinimumVisualStudioVersion = 10.0.40219.1
Project("{FAE04EC0-301F-11D3-BF4B-00C04F79EFBC}") = "WebApplication1", "WebApplication1\WebApplication1.csproj", "{48BA494E-48E9-4BBE-80C0-D1F065842D02}"
EndProject
Project("{FAE04EC0-301F-11D3-BF4B-00C04F79EFBC}") = "Modeli", "Modeli\Modeli.csproj", "{8B50ABC9-5379-45E0-B0EE-9565DACDACAE}"
EndProject
Project("{FAE04EC0-301F-11D3-BF4B-00C04F79EFBC}") = "Logika", "Logika\Logika.csproj", "{5259B254-4917-4E2B-BB4D-A58440F3D803}"
EndProject
Project("{FAE04EC0-301F-11D3-BF4B-00C04F79EFBC}") = "BazaPodataka", "BazaPodataka\BazaPodataka.csproj", "{9FB29436-93B6-428E-A306-5E59F1ECAF31}"
EndProject
Project("{FAE04EC0-301F-11D3-BF4B-00C04F79EFBC}") = "Testovi", "Testovi\Testovi.csproj", "{10552520-51CC-4FBE-834B-4F0A41DA3F98}"
EndProject
Global
	GlobalSection(SolutionConfigurationPlatforms) = preSolution
		Debug|Any CPU = Debug|Any CPU
		Release|Any CPU = Release|Any CPU
	EndGlobalSection
	GlobalSection(ProjectConfigurationPlatforms) = postSolution
		{48BA494E-48E9-4BBE-80C0-D1F065842D02}.Debug|Any CPU.ActiveCfg = Debug|Any CPU
		{48BA494E-48E9-4BBE-80C0-D1F065842D02}.Debug|Any CPU.Build.0 = Debug|Any CPU
		{48BA494E-48E9-4BBE-80C0-D1F065842D02}.Release|Any CPU.ActiveCfg = Release|Any CPU
		{48BA494E-48E9-4BBE-80C0-D1F065842D02}.Release|Any CPU.Build.0 = Release|Any CPU
		{8B50ABC9-5379-45E0-B0EE-9565DACDACAE}.Debug|Any CPU.ActiveCfg = Debug|Any CPU
		{8B50ABC9-5379-45E0-B0EE-9565DACDACAE}.Debug|Any CPU.Build.0 = Debug|Any CPU
		{8B50ABC9-5379-45E0-B0EE-9565DACDACAE}.Release|Any CPU.ActiveCfg = Release|Any CPU
		{8B50ABC9-5379-45E0-B0EE-9565DACDACAE}.Release|Any CPU.Build.0 = Release|Any CPU
		{5259B254-4917-4E2B-BB4D-A58440F3D803}.Debug|Any CPU.ActiveCfg = Debug|Any CPU
		{5259B254-4917-4E2B-BB4D-A58440F3D803}.Debug|Any CPU.Build.0 = Debug|Any CPU
		{5259B254-4917-4E2B-BB4D-A58440F3D803}.Release|Any CPU.ActiveCfg = Release|Any CPU
		{5259B254-4917-4E2B-BB4D-A58440F3D803}.Release|Any CPU.Build.0 = Release|Any CPU
		{9FB29436-93B6-428E-A306-5E59F1ECAF31}.Debug|Any CPU.ActiveCfg = Debug|Any CPU
		{9FB29436-93B6-428E-A306-5E59F1ECAF31}.Debug|Any CPU.Build.0 = Debug|Any CPU
		{9FB29436-93B6-428E-A306-5E59F1ECAF31}.Release|Any CPU.ActiveCfg = Release|Any CPU
		{9FB29436-93B6-428E-A306-5E59F1ECAF31}.Release|Any CPU.Build.0 = Release|Any CPU
		{10552520-51CC-4FBE-834B-4F0A41DA3F98}.Debug|Any CPU.ActiveCfg = Debug|Any CPU
		{10552520-51CC-4FBE-834B-4F0A41DA3F98}.Debug|Any CPU.Build.0 = Debug|Any CPU
		{10552520-51CC-4FBE-834B-4F0A41DA3F98}.Release|Any CPU.ActiveCfg = Release|Any CPU
		{10552520-51CC-4FBE-834B-4F0A41DA3F98}.Release|Any CPU.Build.0 = Release|Any CPU
	EndGlobalSection
	GlobalSection(SolutionProperties) = preSolution
		HideSolutionNode = FALSE
	EndGlobalSection
	GlobalSection(ExtensibilityGlobals) = postSolution
		SolutionGuid = {381CFFE5-C0F8-4028-B905-1A4AA26002D7}
	EndGlobalSection
EndGlobal
